// !$*UTF8*$!
{
	archiveVersion = 1;
	classes = {
	};
	objectVersion = 56;
	objects = {

/* Begin PBXBuildFile section */
		ADF868DC2B99269A0039C5EC /* Plant_DatabaseApp.swift in Sources */ = {isa = PBXBuildFile; fileRef = ADF868DB2B99269A0039C5EC /* Plant_DatabaseApp.swift */; };
		ADF868DE2B99269A0039C5EC /* ContentView.swift in Sources */ = {isa = PBXBuildFile; fileRef = ADF868DD2B99269A0039C5EC /* ContentView.swift */; };
		ADF868E02B99269C0039C5EC /* Assets.xcassets in Resources */ = {isa = PBXBuildFile; fileRef = ADF868DF2B99269C0039C5EC /* Assets.xcassets */; };
		ADF868E32B99269C0039C5EC /* Preview Assets.xcassets in Resources */ = {isa = PBXBuildFile; fileRef = ADF868E22B99269C0039C5EC /* Preview Assets.xcassets */; };
		ADF868EA2B99317E0039C5EC /* PlantImage.swift in Sources */ = {isa = PBXBuildFile; fileRef = ADF868E92B99317E0039C5EC /* PlantImage.swift */; };
		ADF868EC2B9936F80039C5EC /* plantData.json in Resources */ = {isa = PBXBuildFile; fileRef = ADF868EB2B9936F80039C5EC /* plantData.json */; };
		ADF868EE2B9937500039C5EC /* Plant.swift in Sources */ = {isa = PBXBuildFile; fileRef = ADF868ED2B9937500039C5EC /* Plant.swift */; };
		ADF868F02B993FD70039C5EC /* ModelData.swift in Sources */ = {isa = PBXBuildFile; fileRef = ADF868EF2B993FD70039C5EC /* ModelData.swift */; };
		ADF868F52B9940D20039C5EC /* PlantRow.swift in Sources */ = {isa = PBXBuildFile; fileRef = ADF868F42B9940D20039C5EC /* PlantRow.swift */; };
		ADF868F72B9949A00039C5EC /* PlantList.swift in Sources */ = {isa = PBXBuildFile; fileRef = ADF868F62B9949A00039C5EC /* PlantList.swift */; };
		ADF868F92B994AFE0039C5EC /* PlantDetail.swift in Sources */ = {isa = PBXBuildFile; fileRef = ADF868F82B994AFE0039C5EC /* PlantDetail.swift */; };
		ADF868FB2B9958210039C5EC /* FavoriteButton.swift in Sources */ = {isa = PBXBuildFile; fileRef = ADF868FA2B9958210039C5EC /* FavoriteButton.swift */; };
/* End PBXBuildFile section */

/* Begin PBXFileReference section */
		ADF868D82B99269A0039C5EC /* Plant Database.app */ = {isa = PBXFileReference; explicitFileType = wrapper.application; includeInIndex = 0; path = "Plant Database.app"; sourceTree = BUILT_PRODUCTS_DIR; };
		ADF868DB2B99269A0039C5EC /* Plant_DatabaseApp.swift */ = {isa = PBXFileReference; lastKnownFileType = sourcecode.swift; path = Plant_DatabaseApp.swift; sourceTree = "<group>"; };
		ADF868DD2B99269A0039C5EC /* ContentView.swift */ = {isa = PBXFileReference; lastKnownFileType = sourcecode.swift; path = ContentView.swift; sourceTree = "<group>"; };
		ADF868DF2B99269C0039C5EC /* Assets.xcassets */ = {isa = PBXFileReference; lastKnownFileType = folder.assetcatalog; path = Assets.xcassets; sourceTree = "<group>"; };
		ADF868E22B99269C0039C5EC /* Preview Assets.xcassets */ = {isa = PBXFileReference; lastKnownFileType = folder.assetcatalog; path = "Preview Assets.xcassets"; sourceTree = "<group>"; };
		ADF868E92B99317E0039C5EC /* PlantImage.swift */ = {isa = PBXFileReference; lastKnownFileType = sourcecode.swift; path = PlantImage.swift; sourceTree = "<group>"; };
		ADF868EB2B9936F80039C5EC /* plantData.json */ = {isa = PBXFileReference; fileEncoding = 4; lastKnownFileType = text.json; path = plantData.json; sourceTree = "<group>"; };
		ADF868ED2B9937500039C5EC /* Plant.swift */ = {isa = PBXFileReference; lastKnownFileType = sourcecode.swift; path = Plant.swift; sourceTree = "<group>"; };
		ADF868EF2B993FD70039C5EC /* ModelData.swift */ = {isa = PBXFileReference; lastKnownFileType = sourcecode.swift; path = ModelData.swift; sourceTree = "<group>"; };
		ADF868F42B9940D20039C5EC /* PlantRow.swift */ = {isa = PBXFileReference; lastKnownFileType = sourcecode.swift; path = PlantRow.swift; sourceTree = "<group>"; };
		ADF868F62B9949A00039C5EC /* PlantList.swift */ = {isa = PBXFileReference; lastKnownFileType = sourcecode.swift; path = PlantList.swift; sourceTree = "<group>"; };
		ADF868F82B994AFE0039C5EC /* PlantDetail.swift */ = {isa = PBXFileReference; lastKnownFileType = sourcecode.swift; path = PlantDetail.swift; sourceTree = "<group>"; };
		ADF868FA2B9958210039C5EC /* FavoriteButton.swift */ = {isa = PBXFileReference; lastKnownFileType = sourcecode.swift; path = FavoriteButton.swift; sourceTree = "<group>"; };
/* End PBXFileReference section */

/* Begin PBXFrameworksBuildPhase section */
		ADF868D52B99269A0039C5EC /* Frameworks */ = {
			isa = PBXFrameworksBuildPhase;
			buildActionMask = 2147483647;
			files = (
			);
			runOnlyForDeploymentPostprocessing = 0;
		};
/* End PBXFrameworksBuildPhase section */

/* Begin PBXGroup section */
		ADF868CF2B99269A0039C5EC = {
			isa = PBXGroup;
			children = (
				ADF868DA2B99269A0039C5EC /* Plant Database */,
				ADF868D92B99269A0039C5EC /* Products */,
			);
			sourceTree = "<group>";
		};
		ADF868D92B99269A0039C5EC /* Products */ = {
			isa = PBXGroup;
			children = (
				ADF868D82B99269A0039C5EC /* Plant Database.app */,
			);
			name = Products;
			sourceTree = "<group>";
		};
		ADF868DA2B99269A0039C5EC /* Plant Database */ = {
			isa = PBXGroup;
			children = (
				ADF868F32B99408F0039C5EC /* Model */,
				ADF868F22B9940810039C5EC /* Resources */,
				ADF868F12B9940570039C5EC /* Views */,
				ADF868DB2B99269A0039C5EC /* Plant_DatabaseApp.swift */,
				ADF868DF2B99269C0039C5EC /* Assets.xcassets */,
				ADF868E12B99269C0039C5EC /* Preview Content */,
			);
			path = "Plant Database";
			sourceTree = "<group>";
		};
		ADF868E12B99269C0039C5EC /* Preview Content */ = {
			isa = PBXGroup;
			children = (
				ADF868E22B99269C0039C5EC /* Preview Assets.xcassets */,
			);
			path = "Preview Content";
			sourceTree = "<group>";
		};
		ADF868F12B9940570039C5EC /* Views */ = {
			isa = PBXGroup;
			children = (
				ADF868FD2B9958CD0039C5EC /* Helper */,
				ADF868FC2B9958C80039C5EC /* Plants */,
				ADF868DD2B99269A0039C5EC /* ContentView.swift */,
				ADF868F42B9940D20039C5EC /* PlantRow.swift */,
				ADF868F62B9949A00039C5EC /* PlantList.swift */,
				ADF868F82B994AFE0039C5EC /* PlantDetail.swift */,
			);
			path = Views;
			sourceTree = "<group>";
		};
		ADF868F22B9940810039C5EC /* Resources */ = {
			isa = PBXGroup;
			children = (
				ADF868EB2B9936F80039C5EC /* plantData.json */,
			);
			path = Resources;
			sourceTree = "<group>";
		};
		ADF868F32B99408F0039C5EC /* Model */ = {
			isa = PBXGroup;
			children = (
				ADF868EF2B993FD70039C5EC /* ModelData.swift */,
				ADF868ED2B9937500039C5EC /* Plant.swift */,
			);
			path = Model;
			sourceTree = "<group>";
		};
		ADF868FC2B9958C80039C5EC /* Plants */ = {
			isa = PBXGroup;
			children = (
			);
			path = Plants;
			sourceTree = "<group>";
		};
		ADF868FD2B9958CD0039C5EC /* Helper */ = {
			isa = PBXGroup;
			children = (
				ADF868E92B99317E0039C5EC /* PlantImage.swift */,
				ADF868FA2B9958210039C5EC /* FavoriteButton.swift */,
			);
			path = Helper;
			sourceTree = "<group>";
		};
/* End PBXGroup section */

/* Begin PBXNativeTarget section */
		ADF868D72B99269A0039C5EC /* Plant Database */ = {
			isa = PBXNativeTarget;
			buildConfigurationList = ADF868E62B99269C0039C5EC /* Build configuration list for PBXNativeTarget "Plant Database" */;
			buildPhases = (
				ADF868D42B99269A0039C5EC /* Sources */,
				ADF868D52B99269A0039C5EC /* Frameworks */,
				ADF868D62B99269A0039C5EC /* Resources */,
			);
			buildRules = (
			);
			dependencies = (
			);
			name = "Plant Database";
			productName = "Plant Database";
			productReference = ADF868D82B99269A0039C5EC /* Plant Database.app */;
			productType = "com.apple.product-type.application";
		};
/* End PBXNativeTarget section */

/* Begin PBXProject section */
		ADF868D02B99269A0039C5EC /* Project object */ = {
			isa = PBXProject;
			attributes = {
				BuildIndependentTargetsInParallel = 1;
				LastSwiftUpdateCheck = 1530;
				LastUpgradeCheck = 1530;
				TargetAttributes = {
					ADF868D72B99269A0039C5EC = {
						CreatedOnToolsVersion = 15.3;
					};
				};
			};
			buildConfigurationList = ADF868D32B99269A0039C5EC /* Build configuration list for PBXProject "Plant Database" */;
			compatibilityVersion = "Xcode 14.0";
			developmentRegion = en;
			hasScannedForEncodings = 0;
			knownRegions = (
				en,
				Base,
			);
			mainGroup = ADF868CF2B99269A0039C5EC;
			productRefGroup = ADF868D92B99269A0039C5EC /* Products */;
			projectDirPath = "";
			projectRoot = "";
			targets = (
				ADF868D72B99269A0039C5EC /* Plant Database */,
			);
		};
/* End PBXProject section */

/* Begin PBXResourcesBuildPhase section */
		ADF868D62B99269A0039C5EC /* Resources */ = {
			isa = PBXResourcesBuildPhase;
			buildActionMask = 2147483647;
			files = (
				ADF868E32B99269C0039C5EC /* Preview Assets.xcassets in Resources */,
				ADF868E02B99269C0039C5EC /* Assets.xcassets in Resources */,
				ADF868EC2B9936F80039C5EC /* plantData.json in Resources */,
			);
			runOnlyForDeploymentPostprocessing = 0;
		};
/* End PBXResourcesBuildPhase section */

/* Begin PBXSourcesBuildPhase section */
		ADF868D42B99269A0039C5EC /* Sources */ = {
			isa = PBXSourcesBuildPhase;
			buildActionMask = 2147483647;
			files = (
				ADF868DE2B99269A0039C5EC /* ContentView.swift in Sources */,
				ADF868EE2B9937500039C5EC /* Plant.swift in Sources */,
				ADF868F02B993FD70039C5EC /* ModelData.swift in Sources */,
				ADF868FB2B9958210039C5EC /* FavoriteButton.swift in Sources */,
				ADF868DC2B99269A0039C5EC /* Plant_DatabaseApp.swift in Sources */,
				ADF868F52B9940D20039C5EC /* PlantRow.swift in Sources */,
				ADF868EA2B99317E0039C5EC /* PlantImage.swift in Sources */,
				ADF868F92B994AFE0039C5EC /* PlantDetail.swift in Sources */,
				ADF868F72B9949A00039C5EC /* PlantList.swift in Sources */,
			);
			runOnlyForDeploymentPostprocessing = 0;
		};
/* End PBXSourcesBuildPhase section */

/* Begin XCBuildConfiguration section */
		ADF868E42B99269C0039C5EC /* Debug */ = {
			isa = XCBuildConfiguration;
			buildSettings = {
				ALWAYS_SEARCH_USER_PATHS = NO;
				ASSETCATALOG_COMPILER_GENERATE_SWIFT_ASSET_SYMBOL_EXTENSIONS = YES;
				CLANG_ANALYZER_NONNULL = YES;
				CLANG_ANALYZER_NUMBER_OBJECT_CONVERSION = YES_AGGRESSIVE;
				CLANG_CXX_LANGUAGE_STANDARD = "gnu++20";
				CLANG_ENABLE_MODULES = YES;
				CLANG_ENABLE_OBJC_ARC = YES;
				CLANG_ENABLE_OBJC_WEAK = YES;
				CLANG_WARN_BLOCK_CAPTURE_AUTORELEASING = YES;
				CLANG_WARN_BOOL_CONVERSION = YES;
				CLANG_WARN_COMMA = YES;
				CLANG_WARN_CONSTANT_CONVERSION = YES;
				CLANG_WARN_DEPRECATED_OBJC_IMPLEMENTATIONS = YES;
				CLANG_WARN_DIRECT_OBJC_ISA_USAGE = YES_ERROR;
				CLANG_WARN_DOCUMENTATION_COMMENTS = YES;
				CLANG_WARN_EMPTY_BODY = YES;
				CLANG_WARN_ENUM_CONVERSION = YES;
				CLANG_WARN_INFINITE_RECURSION = YES;
				CLANG_WARN_INT_CONVERSION = YES;
				CLANG_WARN_NON_LITERAL_NULL_CONVERSION = YES;
				CLANG_WARN_OBJC_IMPLICIT_RETAIN_SELF = YES;
				CLANG_WARN_OBJC_LITERAL_CONVERSION = YES;
				CLANG_WARN_OBJC_ROOT_CLASS = YES_ERROR;
				CLANG_WARN_QUOTED_INCLUDE_IN_FRAMEWORK_HEADER = YES;
				CLANG_WARN_RANGE_LOOP_ANALYSIS = YES;
				CLANG_WARN_STRICT_PROTOTYPES = YES;
				CLANG_WARN_SUSPICIOUS_MOVE = YES;
				CLANG_WARN_UNGUARDED_AVAILABILITY = YES_AGGRESSIVE;
				CLANG_WARN_UNREACHABLE_CODE = YES;
				CLANG_WARN__DUPLICATE_METHOD_MATCH = YES;
				COPY_PHASE_STRIP = NO;
				DEBUG_INFORMATION_FORMAT = dwarf;
				ENABLE_STRICT_OBJC_MSGSEND = YES;
				ENABLE_TESTABILITY = YES;
				ENABLE_USER_SCRIPT_SANDBOXING = YES;
				GCC_C_LANGUAGE_STANDARD = gnu17;
				GCC_DYNAMIC_NO_PIC = NO;
				GCC_NO_COMMON_BLOCKS = YES;
				GCC_OPTIMIZATION_LEVEL = 0;
				GCC_PREPROCESSOR_DEFINITIONS = (
					"DEBUG=1",
					"$(inherited)",
				);
				GCC_WARN_64_TO_32_BIT_CONVERSION = YES;
				GCC_WARN_ABOUT_RETURN_TYPE = YES_ERROR;
				GCC_WARN_UNDECLARED_SELECTOR = YES;
				GCC_WARN_UNINITIALIZED_AUTOS = YES_AGGRESSIVE;
				GCC_WARN_UNUSED_FUNCTION = YES;
				GCC_WARN_UNUSED_VARIABLE = YES;
				IPHONEOS_DEPLOYMENT_TARGET = 17.4;
				LOCALIZATION_PREFERS_STRING_CATALOGS = YES;
				MTL_ENABLE_DEBUG_INFO = INCLUDE_SOURCE;
				MTL_FAST_MATH = YES;
				ONLY_ACTIVE_ARCH = YES;
				SDKROOT = iphoneos;
				SWIFT_ACTIVE_COMPILATION_CONDITIONS = "DEBUG $(inherited)";
				SWIFT_OPTIMIZATION_LEVEL = "-Onone";
			};
			name = Debug;
		};
		ADF868E52B99269C0039C5EC /* Release */ = {
			isa = XCBuildConfiguration;
			buildSettings = {
				ALWAYS_SEARCH_USER_PATHS = NO;
				ASSETCATALOG_COMPILER_GENERATE_SWIFT_ASSET_SYMBOL_EXTENSIONS = YES;
				CLANG_ANALYZER_NONNULL = YES;
				CLANG_ANALYZER_NUMBER_OBJECT_CONVERSION = YES_AGGRESSIVE;
				CLANG_CXX_LANGUAGE_STANDARD = "gnu++20";
				CLANG_ENABLE_MODULES = YES;
				CLANG_ENABLE_OBJC_ARC = YES;
				CLANG_ENABLE_OBJC_WEAK = YES;
				CLANG_WARN_BLOCK_CAPTURE_AUTORELEASING = YES;
				CLANG_WARN_BOOL_CONVERSION = YES;
				CLANG_WARN_COMMA = YES;
				CLANG_WARN_CONSTANT_CONVERSION = YES;
				CLANG_WARN_DEPRECATED_OBJC_IMPLEMENTATIONS = YES;
				CLANG_WARN_DIRECT_OBJC_ISA_USAGE = YES_ERROR;
				CLANG_WARN_DOCUMENTATION_COMMENTS = YES;
				CLANG_WARN_EMPTY_BODY = YES;
				CLANG_WARN_ENUM_CONVERSION = YES;
				CLANG_WARN_INFINITE_RECURSION = YES;
				CLANG_WARN_INT_CONVERSION = YES;
				CLANG_WARN_NON_LITERAL_NULL_CONVERSION = YES;
				CLANG_WARN_OBJC_IMPLICIT_RETAIN_SELF = YES;
				CLANG_WARN_OBJC_LITERAL_CONVERSION = YES;
				CLANG_WARN_OBJC_ROOT_CLASS = YES_ERROR;
				CLANG_WARN_QUOTED_INCLUDE_IN_FRAMEWORK_HEADER = YES;
				CLANG_WARN_RANGE_LOOP_ANALYSIS = YES;
				CLANG_WARN_STRICT_PROTOTYPES = YES;
				CLANG_WARN_SUSPICIOUS_MOVE = YES;
				CLANG_WARN_UNGUARDED_AVAILABILITY = YES_AGGRESSIVE;
				CLANG_WARN_UNREACHABLE_CODE = YES;
				CLANG_WARN__DUPLICATE_METHOD_MATCH = YES;
				COPY_PHASE_STRIP = NO;
				DEBUG_INFORMATION_FORMAT = "dwarf-with-dsym";
				ENABLE_NS_ASSERTIONS = NO;
				ENABLE_STRICT_OBJC_MSGSEND = YES;
				ENABLE_USER_SCRIPT_SANDBOXING = YES;
				GCC_C_LANGUAGE_STANDARD = gnu17;
				GCC_NO_COMMON_BLOCKS = YES;
				GCC_WARN_64_TO_32_BIT_CONVERSION = YES;
				GCC_WARN_ABOUT_RETURN_TYPE = YES_ERROR;
				GCC_WARN_UNDECLARED_SELECTOR = YES;
				GCC_WARN_UNINITIALIZED_AUTOS = YES_AGGRESSIVE;
				GCC_WARN_UNUSED_FUNCTION = YES;
				GCC_WARN_UNUSED_VARIABLE = YES;
				IPHONEOS_DEPLOYMENT_TARGET = 17.4;
				LOCALIZATION_PREFERS_STRING_CATALOGS = YES;
				MTL_ENABLE_DEBUG_INFO = NO;
				MTL_FAST_MATH = YES;
				SDKROOT = iphoneos;
				SWIFT_COMPILATION_MODE = wholemodule;
				VALIDATE_PRODUCT = YES;
			};
			name = Release;
		};
		ADF868E72B99269C0039C5EC /* Debug */ = {
			isa = XCBuildConfiguration;
			buildSettings = {
				ASSETCATALOG_COMPILER_APPICON_NAME = AppIcon;
				ASSETCATALOG_COMPILER_GLOBAL_ACCENT_COLOR_NAME = AccentColor;
				CODE_SIGN_STYLE = Automatic;
				CURRENT_PROJECT_VERSION = 1;
				DEVELOPMENT_ASSET_PATHS = "\"Plant Database/Preview Content\"";
				DEVELOPMENT_TEAM = 254LFFNPUX;
				ENABLE_PREVIEWS = YES;
				GENERATE_INFOPLIST_FILE = YES;
				INFOPLIST_KEY_UIApplicationSceneManifest_Generation = YES;
				INFOPLIST_KEY_UIApplicationSupportsIndirectInputEvents = YES;
				INFOPLIST_KEY_UILaunchScreen_Generation = YES;
				INFOPLIST_KEY_UISupportedInterfaceOrientations_iPad = "UIInterfaceOrientationPortrait UIInterfaceOrientationPortraitUpsideDown UIInterfaceOrientationLandscapeLeft UIInterfaceOrientationLandscapeRight";
				INFOPLIST_KEY_UISupportedInterfaceOrientations_iPhone = "UIInterfaceOrientationPortrait UIInterfaceOrientationLandscapeLeft UIInterfaceOrientationLandscapeRight";
				LD_RUNPATH_SEARCH_PATHS = (
					"$(inherited)",
					"@executable_path/Frameworks",
				);
				MARKETING_VERSION = 1.0;
				PRODUCT_BUNDLE_IDENTIFIER = "com.mollypanderson.Plant-Database";
				PRODUCT_NAME = "$(TARGET_NAME)";
				SWIFT_EMIT_LOC_STRINGS = YES;
				SWIFT_VERSION = 5.0;
				TARGETED_DEVICE_FAMILY = "1,2";
			};
			name = Debug;
		};
		ADF868E82B99269C0039C5EC /* Release */ = {
			isa = XCBuildConfiguration;
			buildSettings = {
				ASSETCATALOG_COMPILER_APPICON_NAME = AppIcon;
				ASSETCATALOG_COMPILER_GLOBAL_ACCENT_COLOR_NAME = AccentColor;
				CODE_SIGN_STYLE = Automatic;
				CURRENT_PROJECT_VERSION = 1;
				DEVELOPMENT_ASSET_PATHS = "\"Plant Database/Preview Content\"";
				DEVELOPMENT_TEAM = 254LFFNPUX;
				ENABLE_PREVIEWS = YES;
				GENERATE_INFOPLIST_FILE = YES;
				INFOPLIST_KEY_UIApplicationSceneManifest_Generation = YES;
				INFOPLIST_KEY_UIApplicationSupportsIndirectInputEvents = YES;
				INFOPLIST_KEY_UILaunchScreen_Generation = YES;
				INFOPLIST_KEY_UISupportedInterfaceOrientations_iPad = "UIInterfaceOrientationPortrait UIInterfaceOrientationPortraitUpsideDown UIInterfaceOrientationLandscapeLeft UIInterfaceOrientationLandscapeRight";
				INFOPLIST_KEY_UISupportedInterfaceOrientations_iPhone = "UIInterfaceOrientationPortrait UIInterfaceOrientationLandscapeLeft UIInterfaceOrientationLandscapeRight";
				LD_RUNPATH_SEARCH_PATHS = (
					"$(inherited)",
					"@executable_path/Frameworks",
				);
				MARKETING_VERSION = 1.0;
				PRODUCT_BUNDLE_IDENTIFIER = "com.mollypanderson.Plant-Database";
				PRODUCT_NAME = "$(TARGET_NAME)";
				SWIFT_EMIT_LOC_STRINGS = YES;
				SWIFT_VERSION = 5.0;
				TARGETED_DEVICE_FAMILY = "1,2";
			};
			name = Release;
		};
/* End XCBuildConfiguration section */

/* Begin XCConfigurationList section */
		ADF868D32B99269A0039C5EC /* Build configuration list for PBXProject "Plant Database" */ = {
			isa = XCConfigurationList;
			buildConfigurations = (
				ADF868E42B99269C0039C5EC /* Debug */,
				ADF868E52B99269C0039C5EC /* Release */,
			);
			defaultConfigurationIsVisible = 0;
			defaultConfigurationName = Release;
		};
		ADF868E62B99269C0039C5EC /* Build configuration list for PBXNativeTarget "Plant Database" */ = {
			isa = XCConfigurationList;
			buildConfigurations = (
				ADF868E72B99269C0039C5EC /* Debug */,
				ADF868E82B99269C0039C5EC /* Release */,
			);
			defaultConfigurationIsVisible = 0;
			defaultConfigurationName = Release;
		};
/* End XCConfigurationList section */
	};
	rootObject = ADF868D02B99269A0039C5EC /* Project object */;
}
